
Microsoft Visual Studio Solution File, Format Version 12.00
# Visual Studio 15
VisualStudioVersion = 15.0.28010.2048
MinimumVisualStudioVersion = 10.0.40219.1
Project("{FAE04EC0-301F-11D3-BF4B-00C04F79EFBC}") = "Project2", "Project2\Project2.csproj", "{2279B30F-8FAA-43D1-8EC7-6F8C8AE2079D}"
EndProject
Global
	GlobalSection(SolutionConfigurationPlatforms) = preSolution
		Debug|Any CPU = Debug|Any CPU
		Release|Any CPU = Release|Any CPU
	EndGlobalSection
	GlobalSection(ProjectConfigurationPlatforms) = postSolution
		{2279B30F-8FAA-43D1-8EC7-6F8C8AE2079D}.Debug|Any CPU.ActiveCfg = Debug|Any CPU
		{2279B30F-8FAA-43D1-8EC7-6F8C8AE2079D}.Debug|Any CPU.Build.0 = Debug|Any CPU
		{2279B30F-8FAA-43D1-8EC7-6F8C8AE2079D}.Release|Any CPU.ActiveCfg = Release|Any CPU
		{2279B30F-8FAA-43D1-8EC7-6F8C8AE2079D}.Release|Any CPU.Build.0 = Release|Any CPU
	EndGlobalSection
	GlobalSection(SolutionProperties) = preSolution
		HideSolutionNode = FALSE
	EndGlobalSection
	GlobalSection(ExtensibilityGlobals) = postSolution
		SolutionGuid = {B61D74E6-9080-4510-8087-E6791789579B}
	EndGlobalSection
EndGlobal
